
Microsoft Visual Studio Solution File, Format Version 12.00
# Visual Studio Version 17
VisualStudioVersion = 17.4.33205.214
MinimumVisualStudioVersion = 10.0.40219.1
Project("{FAE04EC0-301F-11D3-BF4B-00C04F79EFBC}") = "SoftUni", "SoftUni\SoftUni.csproj", "{7F6C7BA1-3B82-48FB-A3BF-624C8BDD4E53}"
EndProject
Global
	GlobalSection(SolutionConfigurationPlatforms) = preSolution
		Debug|Any CPU = Debug|Any CPU
		Release|Any CPU = Release|Any CPU
	EndGlobalSection
	GlobalSection(ProjectConfigurationPlatforms) = postSolution
		{7F6C7BA1-3B82-48FB-A3BF-624C8BDD4E53}.Debug|Any CPU.ActiveCfg = Debug|Any CPU
		{7F6C7BA1-3B82-48FB-A3BF-624C8BDD4E53}.Debug|Any CPU.Build.0 = Debug|Any CPU
		{7F6C7BA1-3B82-48FB-A3BF-624C8BDD4E53}.Release|Any CPU.ActiveCfg = Release|Any CPU
		{7F6C7BA1-3B82-48FB-A3BF-624C8BDD4E53}.Release|Any CPU.Build.0 = Release|Any CPU
	EndGlobalSection
	GlobalSection(SolutionProperties) = preSolution
		HideSolutionNode = FALSE
	EndGlobalSection
	GlobalSection(ExtensibilityGlobals) = postSolution
		SolutionGuid = {2C5BFA8E-F9AC-493C-BF19-36D2AAFDC5F1}
	EndGlobalSection
EndGlobal
